// !$*UTF8*$!
{
	archiveVersion = 1;
	classes = {
	};
	objectVersion = 50;
	objects = {

/* Begin PBXBuildFile section */
		C835BF8724A2748400FB4827 /* QuizViewController.swift in Sources */ = {isa = PBXBuildFile; fileRef = C835BF8624A2748400FB4827 /* QuizViewController.swift */; };
		C83D22CA248839F20015F60D /* AppDelegate.swift in Sources */ = {isa = PBXBuildFile; fileRef = C83D22C9248839F20015F60D /* AppDelegate.swift */; };
		C83D22CC248839F20015F60D /* SceneDelegate.swift in Sources */ = {isa = PBXBuildFile; fileRef = C83D22CB248839F20015F60D /* SceneDelegate.swift */; };
		C83D22CE248839F20015F60D /* LessonViewController.swift in Sources */ = {isa = PBXBuildFile; fileRef = C83D22CD248839F20015F60D /* LessonViewController.swift */; };
		C83D22D1248839F20015F60D /* Main.storyboard in Resources */ = {isa = PBXBuildFile; fileRef = C83D22CF248839F20015F60D /* Main.storyboard */; };
		C83D22D3248839F60015F60D /* Assets.xcassets in Resources */ = {isa = PBXBuildFile; fileRef = C83D22D2248839F60015F60D /* Assets.xcassets */; };
		C83D22D6248839F60015F60D /* LaunchScreen.storyboard in Resources */ = {isa = PBXBuildFile; fileRef = C83D22D4248839F60015F60D /* LaunchScreen.storyboard */; };
		C83D22E1248839F60015F60D /* JapanesePronunciationAppTests.swift in Sources */ = {isa = PBXBuildFile; fileRef = C83D22E0248839F60015F60D /* JapanesePronunciationAppTests.swift */; };
		C83D22EC248846870015F60D /* LessonTableViewController.swift in Sources */ = {isa = PBXBuildFile; fileRef = C83D22EB248846870015F60D /* LessonTableViewController.swift */; };
		C83D22EE248847360015F60D /* LessonTableViewCell.swift in Sources */ = {isa = PBXBuildFile; fileRef = C83D22ED248847360015F60D /* LessonTableViewCell.swift */; };
		C84FCFE824AFB0B900EA2636 /* AVFoundation.framework in Frameworks */ = {isa = PBXBuildFile; fileRef = C8BABD4D24A530D80054AE5B /* AVFoundation.framework */; };
		C896DE1F2488549D0080B363 /* Lesson.swift in Sources */ = {isa = PBXBuildFile; fileRef = C896DE1E2488549D0080B363 /* Lesson.swift */; };
		C8E7DA1224AFB39B003DDD7C /* hiza.mp3 in Resources */ = {isa = PBXBuildFile; fileRef = C8E7DA0824AFB39B003DDD7C /* hiza.mp3 */; };
		C8E7DA1324AFB39B003DDD7C /* gaisya.mp3 in Resources */ = {isa = PBXBuildFile; fileRef = C8E7DA0924AFB39B003DDD7C /* gaisya.mp3 */; };
		C8E7DA1424AFB39B003DDD7C /* taigaku.mp3 in Resources */ = {isa = PBXBuildFile; fileRef = C8E7DA0A24AFB39B003DDD7C /* taigaku.mp3 */; };
		C8E7DA1524AFB39B003DDD7C /* tokidoki.mp3 in Resources */ = {isa = PBXBuildFile; fileRef = C8E7DA0B24AFB39B003DDD7C /* tokidoki.mp3 */; };
		C8E7DA1624AFB39B003DDD7C /* daigaku.mp3 in Resources */ = {isa = PBXBuildFile; fileRef = C8E7DA0C24AFB39B003DDD7C /* daigaku.mp3 */; };
		C8E7DA1724AFB39B003DDD7C /* dokidoki.mp3 in Resources */ = {isa = PBXBuildFile; fileRef = C8E7DA0D24AFB39B003DDD7C /* dokidoki.mp3 */; };
		C8E7DA1824AFB39B003DDD7C /* biza.mp3 in Resources */ = {isa = PBXBuildFile; fileRef = C8E7DA0E24AFB39B003DDD7C /* biza.mp3 */; };
		C8E7DA1924AFB39B003DDD7C /* kaikoku.mp3 in Resources */ = {isa = PBXBuildFile; fileRef = C8E7DA0F24AFB39B003DDD7C /* kaikoku.mp3 */; };
		C8E7DA1A24AFB39B003DDD7C /* kaisya.mp3 in Resources */ = {isa = PBXBuildFile; fileRef = C8E7DA1024AFB39B003DDD7C /* kaisya.mp3 */; };
		C8E7DA1B24AFB39B003DDD7C /* gaikoku.mp3 in Resources */ = {isa = PBXBuildFile; fileRef = C8E7DA1124AFB39B003DDD7C /* gaikoku.mp3 */; };
		C8E7DA1D24AFB5F1003DDD7C /* Quiz.swift in Sources */ = {isa = PBXBuildFile; fileRef = C8E7DA1C24AFB5F1003DDD7C /* Quiz.swift */; };
		C8E7DA1F24AFCDA4003DDD7C /* data.json in Resources */ = {isa = PBXBuildFile; fileRef = C8E7DA1E24AFCDA4003DDD7C /* data.json */; };
/* End PBXBuildFile section */

/* Begin PBXContainerItemProxy section */
		C83D22DD248839F60015F60D /* PBXContainerItemProxy */ = {
			isa = PBXContainerItemProxy;
			containerPortal = C83D22BE248839F20015F60D /* Project object */;
			proxyType = 1;
			remoteGlobalIDString = C83D22C5248839F20015F60D;
			remoteInfo = JapanesePronunciationApp;
		};
/* End PBXContainerItemProxy section */

/* Begin PBXFileReference section */
		C835BF8624A2748400FB4827 /* QuizViewController.swift */ = {isa = PBXFileReference; lastKnownFileType = sourcecode.swift; path = QuizViewController.swift; sourceTree = "<group>"; };
		C83D22C6248839F20015F60D /* JapanesePronunciationApp.app */ = {isa = PBXFileReference; explicitFileType = wrapper.application; includeInIndex = 0; path = JapanesePronunciationApp.app; sourceTree = BUILT_PRODUCTS_DIR; };
		C83D22C9248839F20015F60D /* AppDelegate.swift */ = {isa = PBXFileReference; lastKnownFileType = sourcecode.swift; path = AppDelegate.swift; sourceTree = "<group>"; };
		C83D22CB248839F20015F60D /* SceneDelegate.swift */ = {isa = PBXFileReference; lastKnownFileType = sourcecode.swift; path = SceneDelegate.swift; sourceTree = "<group>"; };
		C83D22CD248839F20015F60D /* LessonViewController.swift */ = {isa = PBXFileReference; lastKnownFileType = sourcecode.swift; path = LessonViewController.swift; sourceTree = "<group>"; };
		C83D22D0248839F20015F60D /* Base */ = {isa = PBXFileReference; lastKnownFileType = file.storyboard; name = Base; path = Base.lproj/Main.storyboard; sourceTree = "<group>"; };
		C83D22D2248839F60015F60D /* Assets.xcassets */ = {isa = PBXFileReference; lastKnownFileType = folder.assetcatalog; path = Assets.xcassets; sourceTree = "<group>"; };
		C83D22D5248839F60015F60D /* Base */ = {isa = PBXFileReference; lastKnownFileType = file.storyboard; name = Base; path = Base.lproj/LaunchScreen.storyboard; sourceTree = "<group>"; };
		C83D22D7248839F60015F60D /* Info.plist */ = {isa = PBXFileReference; lastKnownFileType = text.plist.xml; path = Info.plist; sourceTree = "<group>"; };
		C83D22DC248839F60015F60D /* JapanesePronunciationAppTests.xctest */ = {isa = PBXFileReference; explicitFileType = wrapper.cfbundle; includeInIndex = 0; path = JapanesePronunciationAppTests.xctest; sourceTree = BUILT_PRODUCTS_DIR; };
		C83D22E0248839F60015F60D /* JapanesePronunciationAppTests.swift */ = {isa = PBXFileReference; lastKnownFileType = sourcecode.swift; path = JapanesePronunciationAppTests.swift; sourceTree = "<group>"; };
		C83D22E2248839F60015F60D /* Info.plist */ = {isa = PBXFileReference; lastKnownFileType = text.plist.xml; path = Info.plist; sourceTree = "<group>"; };
		C83D22EB248846870015F60D /* LessonTableViewController.swift */ = {isa = PBXFileReference; lastKnownFileType = sourcecode.swift; path = LessonTableViewController.swift; sourceTree = "<group>"; };
		C83D22ED248847360015F60D /* LessonTableViewCell.swift */ = {isa = PBXFileReference; lastKnownFileType = sourcecode.swift; path = LessonTableViewCell.swift; sourceTree = "<group>"; };
		C896DE1E2488549D0080B363 /* Lesson.swift */ = {isa = PBXFileReference; lastKnownFileType = sourcecode.swift; path = Lesson.swift; sourceTree = "<group>"; };
		C8BABD4D24A530D80054AE5B /* AVFoundation.framework */ = {isa = PBXFileReference; lastKnownFileType = wrapper.framework; name = AVFoundation.framework; path = System/Library/Frameworks/AVFoundation.framework; sourceTree = SDKROOT; };
		C8E7DA0824AFB39B003DDD7C /* hiza.mp3 */ = {isa = PBXFileReference; lastKnownFileType = audio.mp3; path = hiza.mp3; sourceTree = "<group>"; };
		C8E7DA0924AFB39B003DDD7C /* gaisya.mp3 */ = {isa = PBXFileReference; lastKnownFileType = audio.mp3; path = gaisya.mp3; sourceTree = "<group>"; };
		C8E7DA0A24AFB39B003DDD7C /* taigaku.mp3 */ = {isa = PBXFileReference; lastKnownFileType = audio.mp3; path = taigaku.mp3; sourceTree = "<group>"; };
		C8E7DA0B24AFB39B003DDD7C /* tokidoki.mp3 */ = {isa = PBXFileReference; lastKnownFileType = audio.mp3; path = tokidoki.mp3; sourceTree = "<group>"; };
		C8E7DA0C24AFB39B003DDD7C /* daigaku.mp3 */ = {isa = PBXFileReference; lastKnownFileType = audio.mp3; path = daigaku.mp3; sourceTree = "<group>"; };
		C8E7DA0D24AFB39B003DDD7C /* dokidoki.mp3 */ = {isa = PBXFileReference; lastKnownFileType = audio.mp3; path = dokidoki.mp3; sourceTree = "<group>"; };
		C8E7DA0E24AFB39B003DDD7C /* biza.mp3 */ = {isa = PBXFileReference; lastKnownFileType = audio.mp3; path = biza.mp3; sourceTree = "<group>"; };
		C8E7DA0F24AFB39B003DDD7C /* kaikoku.mp3 */ = {isa = PBXFileReference; lastKnownFileType = audio.mp3; path = kaikoku.mp3; sourceTree = "<group>"; };
		C8E7DA1024AFB39B003DDD7C /* kaisya.mp3 */ = {isa = PBXFileReference; lastKnownFileType = audio.mp3; path = kaisya.mp3; sourceTree = "<group>"; };
		C8E7DA1124AFB39B003DDD7C /* gaikoku.mp3 */ = {isa = PBXFileReference; lastKnownFileType = audio.mp3; path = gaikoku.mp3; sourceTree = "<group>"; };
		C8E7DA1C24AFB5F1003DDD7C /* Quiz.swift */ = {isa = PBXFileReference; lastKnownFileType = sourcecode.swift; path = Quiz.swift; sourceTree = "<group>"; };
		C8E7DA1E24AFCDA4003DDD7C /* data.json */ = {isa = PBXFileReference; lastKnownFileType = text.json; path = data.json; sourceTree = "<group>"; };
/* End PBXFileReference section */

/* Begin PBXFrameworksBuildPhase section */
		C83D22C3248839F20015F60D /* Frameworks */ = {
			isa = PBXFrameworksBuildPhase;
			buildActionMask = 2147483647;
			files = (
				C84FCFE824AFB0B900EA2636 /* AVFoundation.framework in Frameworks */,
			);
			runOnlyForDeploymentPostprocessing = 0;
		};
		C83D22D9248839F60015F60D /* Frameworks */ = {
			isa = PBXFrameworksBuildPhase;
			buildActionMask = 2147483647;
			files = (
			);
			runOnlyForDeploymentPostprocessing = 0;
		};
/* End PBXFrameworksBuildPhase section */

/* Begin PBXGroup section */
		C83D22BD248839F20015F60D = {
			isa = PBXGroup;
			children = (
				C83D22C8248839F20015F60D /* JapanesePronunciationApp */,
				C83D22DF248839F60015F60D /* JapanesePronunciationAppTests */,
				C83D22C7248839F20015F60D /* Products */,
				C8BABD4C24A530D70054AE5B /* Frameworks */,
			);
			sourceTree = "<group>";
		};
		C83D22C7248839F20015F60D /* Products */ = {
			isa = PBXGroup;
			children = (
				C83D22C6248839F20015F60D /* JapanesePronunciationApp.app */,
				C83D22DC248839F60015F60D /* JapanesePronunciationAppTests.xctest */,
			);
			name = Products;
			sourceTree = "<group>";
		};
		C83D22C8248839F20015F60D /* JapanesePronunciationApp */ = {
			isa = PBXGroup;
			children = (
				C8E7D9F124AFB1B4003DDD7C /* Sounds */,
				C83D22C9248839F20015F60D /* AppDelegate.swift */,
				C83D22CB248839F20015F60D /* SceneDelegate.swift */,
				C8E7DA1C24AFB5F1003DDD7C /* Quiz.swift */,
				C835BF8624A2748400FB4827 /* QuizViewController.swift */,
				C896DE1E2488549D0080B363 /* Lesson.swift */,
				C83D22CD248839F20015F60D /* LessonViewController.swift */,
				C83D22EB248846870015F60D /* LessonTableViewController.swift */,
				C83D22ED248847360015F60D /* LessonTableViewCell.swift */,
				C83D22CF248839F20015F60D /* Main.storyboard */,
				C83D22D2248839F60015F60D /* Assets.xcassets */,
				C83D22D4248839F60015F60D /* LaunchScreen.storyboard */,
				C83D22D7248839F60015F60D /* Info.plist */,
				C8E7DA1E24AFCDA4003DDD7C /* data.json */,
			);
			path = JapanesePronunciationApp;
			sourceTree = "<group>";
		};
		C83D22DF248839F60015F60D /* JapanesePronunciationAppTests */ = {
			isa = PBXGroup;
			children = (
				C83D22E0248839F60015F60D /* JapanesePronunciationAppTests.swift */,
				C83D22E2248839F60015F60D /* Info.plist */,
			);
			path = JapanesePronunciationAppTests;
			sourceTree = "<group>";
		};
		C8BABD4C24A530D70054AE5B /* Frameworks */ = {
			isa = PBXGroup;
			children = (
				C8BABD4D24A530D80054AE5B /* AVFoundation.framework */,
			);
			name = Frameworks;
			sourceTree = "<group>";
		};
		C8E7D9F124AFB1B4003DDD7C /* Sounds */ = {
			isa = PBXGroup;
			children = (
				C8E7DA0E24AFB39B003DDD7C /* biza.mp3 */,
				C8E7DA0C24AFB39B003DDD7C /* daigaku.mp3 */,
				C8E7DA0D24AFB39B003DDD7C /* dokidoki.mp3 */,
				C8E7DA1124AFB39B003DDD7C /* gaikoku.mp3 */,
				C8E7DA0924AFB39B003DDD7C /* gaisya.mp3 */,
				C8E7DA0824AFB39B003DDD7C /* hiza.mp3 */,
				C8E7DA0F24AFB39B003DDD7C /* kaikoku.mp3 */,
				C8E7DA1024AFB39B003DDD7C /* kaisya.mp3 */,
				C8E7DA0A24AFB39B003DDD7C /* taigaku.mp3 */,
				C8E7DA0B24AFB39B003DDD7C /* tokidoki.mp3 */,
			);
			path = Sounds;
			sourceTree = "<group>";
		};
/* End PBXGroup section */

/* Begin PBXNativeTarget section */
		C83D22C5248839F20015F60D /* JapanesePronunciationApp */ = {
			isa = PBXNativeTarget;
			buildConfigurationList = C83D22E5248839F60015F60D /* Build configuration list for PBXNativeTarget "JapanesePronunciationApp" */;
			buildPhases = (
				C83D22C2248839F20015F60D /* Sources */,
				C83D22C3248839F20015F60D /* Frameworks */,
				C83D22C4248839F20015F60D /* Resources */,
			);
			buildRules = (
			);
			dependencies = (
			);
			name = JapanesePronunciationApp;
			productName = JapanesePronunciationApp;
			productReference = C83D22C6248839F20015F60D /* JapanesePronunciationApp.app */;
			productType = "com.apple.product-type.application";
		};
		C83D22DB248839F60015F60D /* JapanesePronunciationAppTests */ = {
			isa = PBXNativeTarget;
			buildConfigurationList = C83D22E8248839F60015F60D /* Build configuration list for PBXNativeTarget "JapanesePronunciationAppTests" */;
			buildPhases = (
				C83D22D8248839F60015F60D /* Sources */,
				C83D22D9248839F60015F60D /* Frameworks */,
				C83D22DA248839F60015F60D /* Resources */,
			);
			buildRules = (
			);
			dependencies = (
				C83D22DE248839F60015F60D /* PBXTargetDependency */,
			);
			name = JapanesePronunciationAppTests;
			productName = JapanesePronunciationAppTests;
			productReference = C83D22DC248839F60015F60D /* JapanesePronunciationAppTests.xctest */;
			productType = "com.apple.product-type.bundle.unit-test";
		};
/* End PBXNativeTarget section */

/* Begin PBXProject section */
		C83D22BE248839F20015F60D /* Project object */ = {
			isa = PBXProject;
			attributes = {
				LastSwiftUpdateCheck = 1150;
				LastUpgradeCheck = 1150;
				ORGANIZATIONNAME = "Zoe Arbuckle";
				TargetAttributes = {
					C83D22C5248839F20015F60D = {
						CreatedOnToolsVersion = 11.5;
					};
					C83D22DB248839F60015F60D = {
						CreatedOnToolsVersion = 11.5;
						TestTargetID = C83D22C5248839F20015F60D;
					};
				};
			};
			buildConfigurationList = C83D22C1248839F20015F60D /* Build configuration list for PBXProject "JapanesePronunciationApp" */;
			compatibilityVersion = "Xcode 9.3";
			developmentRegion = en;
			hasScannedForEncodings = 0;
			knownRegions = (
				en,
				Base,
			);
			mainGroup = C83D22BD248839F20015F60D;
			productRefGroup = C83D22C7248839F20015F60D /* Products */;
			projectDirPath = "";
			projectRoot = "";
			targets = (
				C83D22C5248839F20015F60D /* JapanesePronunciationApp */,
				C83D22DB248839F60015F60D /* JapanesePronunciationAppTests */,
			);
		};
/* End PBXProject section */

/* Begin PBXResourcesBuildPhase section */
		C83D22C4248839F20015F60D /* Resources */ = {
			isa = PBXResourcesBuildPhase;
			buildActionMask = 2147483647;
			files = (
				C83D22D6248839F60015F60D /* LaunchScreen.storyboard in Resources */,
				C8E7DA1F24AFCDA4003DDD7C /* data.json in Resources */,
				C83D22D3248839F60015F60D /* Assets.xcassets in Resources */,
				C8E7DA1A24AFB39B003DDD7C /* kaisya.mp3 in Resources */,
				C8E7DA1524AFB39B003DDD7C /* tokidoki.mp3 in Resources */,
				C8E7DA1224AFB39B003DDD7C /* hiza.mp3 in Resources */,
				C8E7DA1724AFB39B003DDD7C /* dokidoki.mp3 in Resources */,
				C8E7DA1424AFB39B003DDD7C /* taigaku.mp3 in Resources */,
				C8E7DA1924AFB39B003DDD7C /* kaikoku.mp3 in Resources */,
				C8E7DA1824AFB39B003DDD7C /* biza.mp3 in Resources */,
				C8E7DA1B24AFB39B003DDD7C /* gaikoku.mp3 in Resources */,
				C8E7DA1324AFB39B003DDD7C /* gaisya.mp3 in Resources */,
				C83D22D1248839F20015F60D /* Main.storyboard in Resources */,
				C8E7DA1624AFB39B003DDD7C /* daigaku.mp3 in Resources */,
			);
			runOnlyForDeploymentPostprocessing = 0;
		};
		C83D22DA248839F60015F60D /* Resources */ = {
			isa = PBXResourcesBuildPhase;
			buildActionMask = 2147483647;
			files = (
			);
			runOnlyForDeploymentPostprocessing = 0;
		};
/* End PBXResourcesBuildPhase section */

/* Begin PBXSourcesBuildPhase section */
		C83D22C2248839F20015F60D /* Sources */ = {
			isa = PBXSourcesBuildPhase;
			buildActionMask = 2147483647;
			files = (
				C83D22CE248839F20015F60D /* LessonViewController.swift in Sources */,
				C835BF8724A2748400FB4827 /* QuizViewController.swift in Sources */,
				C83D22CA248839F20015F60D /* AppDelegate.swift in Sources */,
				C83D22EE248847360015F60D /* LessonTableViewCell.swift in Sources */,
				C896DE1F2488549D0080B363 /* Lesson.swift in Sources */,
				C83D22EC248846870015F60D /* LessonTableViewController.swift in Sources */,
				C8E7DA1D24AFB5F1003DDD7C /* Quiz.swift in Sources */,
				C83D22CC248839F20015F60D /* SceneDelegate.swift in Sources */,
			);
			runOnlyForDeploymentPostprocessing = 0;
		};
		C83D22D8248839F60015F60D /* Sources */ = {
			isa = PBXSourcesBuildPhase;
			buildActionMask = 2147483647;
			files = (
				C83D22E1248839F60015F60D /* JapanesePronunciationAppTests.swift in Sources */,
			);
			runOnlyForDeploymentPostprocessing = 0;
		};
/* End PBXSourcesBuildPhase section */

/* Begin PBXTargetDependency section */
		C83D22DE248839F60015F60D /* PBXTargetDependency */ = {
			isa = PBXTargetDependency;
			target = C83D22C5248839F20015F60D /* JapanesePronunciationApp */;
			targetProxy = C83D22DD248839F60015F60D /* PBXContainerItemProxy */;
		};
/* End PBXTargetDependency section */

/* Begin PBXVariantGroup section */
		C83D22CF248839F20015F60D /* Main.storyboard */ = {
			isa = PBXVariantGroup;
			children = (
				C83D22D0248839F20015F60D /* Base */,
			);
			name = Main.storyboard;
			sourceTree = "<group>";
		};
		C83D22D4248839F60015F60D /* LaunchScreen.storyboard */ = {
			isa = PBXVariantGroup;
			children = (
				C83D22D5248839F60015F60D /* Base */,
			);
			name = LaunchScreen.storyboard;
			sourceTree = "<group>";
		};
/* End PBXVariantGroup section */

/* Begin XCBuildConfiguration section */
		C83D22E3248839F60015F60D /* Debug */ = {
			isa = XCBuildConfiguration;
			buildSettings = {
				ALWAYS_SEARCH_USER_PATHS = NO;
				CLANG_ANALYZER_NONNULL = YES;
				CLANG_ANALYZER_NUMBER_OBJECT_CONVERSION = YES_AGGRESSIVE;
				CLANG_CXX_LANGUAGE_STANDARD = "gnu++14";
				CLANG_CXX_LIBRARY = "libc++";
				CLANG_ENABLE_MODULES = YES;
				CLANG_ENABLE_OBJC_ARC = YES;
				CLANG_ENABLE_OBJC_WEAK = YES;
				CLANG_WARN_BLOCK_CAPTURE_AUTORELEASING = YES;
				CLANG_WARN_BOOL_CONVERSION = YES;
				CLANG_WARN_COMMA = YES;
				CLANG_WARN_CONSTANT_CONVERSION = YES;
				CLANG_WARN_DEPRECATED_OBJC_IMPLEMENTATIONS = YES;
				CLANG_WARN_DIRECT_OBJC_ISA_USAGE = YES_ERROR;
				CLANG_WARN_DOCUMENTATION_COMMENTS = YES;
				CLANG_WARN_EMPTY_BODY = YES;
				CLANG_WARN_ENUM_CONVERSION = YES;
				CLANG_WARN_INFINITE_RECURSION = YES;
				CLANG_WARN_INT_CONVERSION = YES;
				CLANG_WARN_NON_LITERAL_NULL_CONVERSION = YES;
				CLANG_WARN_OBJC_IMPLICIT_RETAIN_SELF = YES;
				CLANG_WARN_OBJC_LITERAL_CONVERSION = YES;
				CLANG_WARN_OBJC_ROOT_CLASS = YES_ERROR;
				CLANG_WARN_RANGE_LOOP_ANALYSIS = YES;
				CLANG_WARN_STRICT_PROTOTYPES = YES;
				CLANG_WARN_SUSPICIOUS_MOVE = YES;
				CLANG_WARN_UNGUARDED_AVAILABILITY = YES_AGGRESSIVE;
				CLANG_WARN_UNREACHABLE_CODE = YES;
				CLANG_WARN__DUPLICATE_METHOD_MATCH = YES;
				COPY_PHASE_STRIP = NO;
				DEBUG_INFORMATION_FORMAT = dwarf;
				ENABLE_STRICT_OBJC_MSGSEND = YES;
				ENABLE_TESTABILITY = YES;
				GCC_C_LANGUAGE_STANDARD = gnu11;
				GCC_DYNAMIC_NO_PIC = NO;
				GCC_NO_COMMON_BLOCKS = YES;
				GCC_OPTIMIZATION_LEVEL = 0;
				GCC_PREPROCESSOR_DEFINITIONS = (
					"DEBUG=1",
					"$(inherited)",
				);
				GCC_WARN_64_TO_32_BIT_CONVERSION = YES;
				GCC_WARN_ABOUT_RETURN_TYPE = YES_ERROR;
				GCC_WARN_UNDECLARED_SELECTOR = YES;
				GCC_WARN_UNINITIALIZED_AUTOS = YES_AGGRESSIVE;
				GCC_WARN_UNUSED_FUNCTION = YES;
				GCC_WARN_UNUSED_VARIABLE = YES;
				IPHONEOS_DEPLOYMENT_TARGET = 13.5;
				MTL_ENABLE_DEBUG_INFO = INCLUDE_SOURCE;
				MTL_FAST_MATH = YES;
				ONLY_ACTIVE_ARCH = YES;
				SDKROOT = iphoneos;
				SWIFT_ACTIVE_COMPILATION_CONDITIONS = DEBUG;
				SWIFT_OPTIMIZATION_LEVEL = "-Onone";
			};
			name = Debug;
		};
		C83D22E4248839F60015F60D /* Release */ = {
			isa = XCBuildConfiguration;
			buildSettings = {
				ALWAYS_SEARCH_USER_PATHS = NO;
				CLANG_ANALYZER_NONNULL = YES;
				CLANG_ANALYZER_NUMBER_OBJECT_CONVERSION = YES_AGGRESSIVE;
				CLANG_CXX_LANGUAGE_STANDARD = "gnu++14";
				CLANG_CXX_LIBRARY = "libc++";
				CLANG_ENABLE_MODULES = YES;
				CLANG_ENABLE_OBJC_ARC = YES;
				CLANG_ENABLE_OBJC_WEAK = YES;
				CLANG_WARN_BLOCK_CAPTURE_AUTORELEASING = YES;
				CLANG_WARN_BOOL_CONVERSION = YES;
				CLANG_WARN_COMMA = YES;
				CLANG_WARN_CONSTANT_CONVERSION = YES;
				CLANG_WARN_DEPRECATED_OBJC_IMPLEMENTATIONS = YES;
				CLANG_WARN_DIRECT_OBJC_ISA_USAGE = YES_ERROR;
				CLANG_WARN_DOCUMENTATION_COMMENTS = YES;
				CLANG_WARN_EMPTY_BODY = YES;
				CLANG_WARN_ENUM_CONVERSION = YES;
				CLANG_WARN_INFINITE_RECURSION = YES;
				CLANG_WARN_INT_CONVERSION = YES;
				CLANG_WARN_NON_LITERAL_NULL_CONVERSION = YES;
				CLANG_WARN_OBJC_IMPLICIT_RETAIN_SELF = YES;
				CLANG_WARN_OBJC_LITERAL_CONVERSION = YES;
				CLANG_WARN_OBJC_ROOT_CLASS = YES_ERROR;
				CLANG_WARN_RANGE_LOOP_ANALYSIS = YES;
				CLANG_WARN_STRICT_PROTOTYPES = YES;
				CLANG_WARN_SUSPICIOUS_MOVE = YES;
				CLANG_WARN_UNGUARDED_AVAILABILITY = YES_AGGRESSIVE;
				CLANG_WARN_UNREACHABLE_CODE = YES;
				CLANG_WARN__DUPLICATE_METHOD_MATCH = YES;
				COPY_PHASE_STRIP = NO;
				DEBUG_INFORMATION_FORMAT = "dwarf-with-dsym";
				ENABLE_NS_ASSERTIONS = NO;
				ENABLE_STRICT_OBJC_MSGSEND = YES;
				GCC_C_LANGUAGE_STANDARD = gnu11;
				GCC_NO_COMMON_BLOCKS = YES;
				GCC_WARN_64_TO_32_BIT_CONVERSION = YES;
				GCC_WARN_ABOUT_RETURN_TYPE = YES_ERROR;
				GCC_WARN_UNDECLARED_SELECTOR = YES;
				GCC_WARN_UNINITIALIZED_AUTOS = YES_AGGRESSIVE;
				GCC_WARN_UNUSED_FUNCTION = YES;
				GCC_WARN_UNUSED_VARIABLE = YES;
				IPHONEOS_DEPLOYMENT_TARGET = 13.5;
				MTL_ENABLE_DEBUG_INFO = NO;
				MTL_FAST_MATH = YES;
				SDKROOT = iphoneos;
				SWIFT_COMPILATION_MODE = wholemodule;
				SWIFT_OPTIMIZATION_LEVEL = "-O";
				VALIDATE_PRODUCT = YES;
			};
			name = Release;
		};
		C83D22E6248839F60015F60D /* Debug */ = {
			isa = XCBuildConfiguration;
			buildSettings = {
				ASSETCATALOG_COMPILER_APPICON_NAME = "AppIcon-1";
				CODE_SIGN_STYLE = Automatic;
				DEVELOPMENT_TEAM = Q64UYQSVDP;
				INFOPLIST_FILE = JapanesePronunciationApp/Info.plist;
				LD_RUNPATH_SEARCH_PATHS = (
					"$(inherited)",
					"@executable_path/Frameworks",
				);
				PRODUCT_BUNDLE_IDENTIFIER = com.kazumihatasa.JapanesePronunciation;
				PRODUCT_NAME = "$(TARGET_NAME)";
				SWIFT_VERSION = 5.0;
				TARGETED_DEVICE_FAMILY = "1,2";
			};
			name = Debug;
		};
		C83D22E7248839F60015F60D /* Release */ = {
			isa = XCBuildConfiguration;
			buildSettings = {
				ASSETCATALOG_COMPILER_APPICON_NAME = "AppIcon-1";
				CODE_SIGN_STYLE = Automatic;
				DEVELOPMENT_TEAM = Q64UYQSVDP;
				INFOPLIST_FILE = JapanesePronunciationApp/Info.plist;
				LD_RUNPATH_SEARCH_PATHS = (
					"$(inherited)",
					"@executable_path/Frameworks",
				);
				PRODUCT_BUNDLE_IDENTIFIER = com.kazumihatasa.JapanesePronunciation;
				PRODUCT_NAME = "$(TARGET_NAME)";
				SWIFT_VERSION = 5.0;
				TARGETED_DEVICE_FAMILY = "1,2";
			};
			name = Release;
		};
		C83D22E9248839F60015F60D /* Debug */ = {
			isa = XCBuildConfiguration;
			buildSettings = {
				ALWAYS_EMBED_SWIFT_STANDARD_LIBRARIES = YES;
				BUNDLE_LOADER = "$(TEST_HOST)";
				CODE_SIGN_STYLE = Automatic;
				DEVELOPMENT_TEAM = Q64UYQSVDP;
				INFOPLIST_FILE = JapanesePronunciationAppTests/Info.plist;
				IPHONEOS_DEPLOYMENT_TARGET = 13.5;
				LD_RUNPATH_SEARCH_PATHS = (
					"$(inherited)",
					"@executable_path/Frameworks",
					"@loader_path/Frameworks",
				);
				PRODUCT_BUNDLE_IDENTIFIER = com.example.JapanesePronunciationAppTests;
				PRODUCT_NAME = "$(TARGET_NAME)";
				SWIFT_VERSION = 5.0;
				TARGETED_DEVICE_FAMILY = "1,2";
				TEST_HOST = "$(BUILT_PRODUCTS_DIR)/JapanesePronunciationApp.app/JapanesePronunciationApp";
			};
			name = Debug;
		};
		C83D22EA248839F60015F60D /* Release */ = {
			isa = XCBuildConfiguration;
			buildSettings = {
				ALWAYS_EMBED_SWIFT_STANDARD_LIBRARIES = YES;
				BUNDLE_LOADER = "$(TEST_HOST)";
				CODE_SIGN_STYLE = Automatic;
				DEVELOPMENT_TEAM = Q64UYQSVDP;
				INFOPLIST_FILE = JapanesePronunciationAppTests/Info.plist;
				IPHONEOS_DEPLOYMENT_TARGET = 13.5;
				LD_RUNPATH_SEARCH_PATHS = (
					"$(inherited)",
					"@executable_path/Frameworks",
					"@loader_path/Frameworks",
				);
				PRODUCT_BUNDLE_IDENTIFIER = com.example.JapanesePronunciationAppTests;
				PRODUCT_NAME = "$(TARGET_NAME)";
				SWIFT_VERSION = 5.0;
				TARGETED_DEVICE_FAMILY = "1,2";
				TEST_HOST = "$(BUILT_PRODUCTS_DIR)/JapanesePronunciationApp.app/JapanesePronunciationApp";
			};
			name = Release;
		};
/* End XCBuildConfiguration section */

/* Begin XCConfigurationList section */
		C83D22C1248839F20015F60D /* Build configuration list for PBXProject "JapanesePronunciationApp" */ = {
			isa = XCConfigurationList;
			buildConfigurations = (
				C83D22E3248839F60015F60D /* Debug */,
				C83D22E4248839F60015F60D /* Release */,
			);
			defaultConfigurationIsVisible = 0;
			defaultConfigurationName = Release;
		};
		C83D22E5248839F60015F60D /* Build configuration list for PBXNativeTarget "JapanesePronunciationApp" */ = {
			isa = XCConfigurationList;
			buildConfigurations = (
				C83D22E6248839F60015F60D /* Debug */,
				C83D22E7248839F60015F60D /* Release */,
			);
			defaultConfigurationIsVisible = 0;
			defaultConfigurationName = Release;
		};
		C83D22E8248839F60015F60D /* Build configuration list for PBXNativeTarget "JapanesePronunciationAppTests" */ = {
			isa = XCConfigurationList;
			buildConfigurations = (
				C83D22E9248839F60015F60D /* Debug */,
				C83D22EA248839F60015F60D /* Release */,
			);
			defaultConfigurationIsVisible = 0;
			defaultConfigurationName = Release;
		};
/* End XCConfigurationList section */
	};
	rootObject = C83D22BE248839F20015F60D /* Project object */;
}
